
Microsoft Visual Studio Solution File, Format Version 12.00
# Visual Studio Version 16
VisualStudioVersion = 16.0.29306.81
MinimumVisualStudioVersion = 10.0.40219.1
Project("{FAE04EC0-301F-11D3-BF4B-00C04F79EFBC}") = "UdpMeasurementsSender", "UdpMeasurementsSender\UdpMeasurementsSender.csproj", "{29E4355D-DFC9-4035-B02A-D5B966ACD768}"
EndProject
Project("{FAE04EC0-301F-11D3-BF4B-00C04F79EFBC}") = "UdpMeasurementsReceiver", "UdpMeasurementsReceiver\UdpMeasurementsReceiver.csproj", "{D417AED4-1FAD-461B-A576-079B5997060A}"
EndProject
Project("{FAE04EC0-301F-11D3-BF4B-00C04F79EFBC}") = "Measurement", "Measurement\Measurement.csproj", "{A256D81A-9415-4E7D-8D29-1AB1795FCA73}"
EndProject
Global
	GlobalSection(SolutionConfigurationPlatforms) = preSolution
		Debug|Any CPU = Debug|Any CPU
		Release|Any CPU = Release|Any CPU
	EndGlobalSection
	GlobalSection(ProjectConfigurationPlatforms) = postSolution
		{29E4355D-DFC9-4035-B02A-D5B966ACD768}.Debug|Any CPU.ActiveCfg = Debug|Any CPU
		{29E4355D-DFC9-4035-B02A-D5B966ACD768}.Debug|Any CPU.Build.0 = Debug|Any CPU
		{29E4355D-DFC9-4035-B02A-D5B966ACD768}.Release|Any CPU.ActiveCfg = Release|Any CPU
		{29E4355D-DFC9-4035-B02A-D5B966ACD768}.Release|Any CPU.Build.0 = Release|Any CPU
		{D417AED4-1FAD-461B-A576-079B5997060A}.Debug|Any CPU.ActiveCfg = Debug|Any CPU
		{D417AED4-1FAD-461B-A576-079B5997060A}.Debug|Any CPU.Build.0 = Debug|Any CPU
		{D417AED4-1FAD-461B-A576-079B5997060A}.Release|Any CPU.ActiveCfg = Release|Any CPU
		{D417AED4-1FAD-461B-A576-079B5997060A}.Release|Any CPU.Build.0 = Release|Any CPU
		{A256D81A-9415-4E7D-8D29-1AB1795FCA73}.Debug|Any CPU.ActiveCfg = Debug|Any CPU
		{A256D81A-9415-4E7D-8D29-1AB1795FCA73}.Debug|Any CPU.Build.0 = Debug|Any CPU
		{A256D81A-9415-4E7D-8D29-1AB1795FCA73}.Release|Any CPU.ActiveCfg = Release|Any CPU
		{A256D81A-9415-4E7D-8D29-1AB1795FCA73}.Release|Any CPU.Build.0 = Release|Any CPU
	EndGlobalSection
	GlobalSection(SolutionProperties) = preSolution
		HideSolutionNode = FALSE
	EndGlobalSection
	GlobalSection(ExtensibilityGlobals) = postSolution
		SolutionGuid = {493C0099-575A-4952-8DB1-8108BAD86CE2}
	EndGlobalSection
EndGlobal
